
Microsoft Visual Studio Solution File, Format Version 12.00
# Visual Studio 15
VisualStudioVersion = 15.0.27130.2027
MinimumVisualStudioVersion = 10.0.40219.1
Project("{FAE04EC0-301F-11D3-BF4B-00C04F79EFBC}") = "DecryptBatti", "DecryptBatti.csproj", "{0040F050-FB78-4271-8D64-1E6B21E97392}"
EndProject
Global
	GlobalSection(SolutionConfigurationPlatforms) = preSolution
		Debug|Any CPU = Debug|Any CPU
		Release|Any CPU = Release|Any CPU
	EndGlobalSection
	GlobalSection(ProjectConfigurationPlatforms) = postSolution
		{0040F050-FB78-4271-8D64-1E6B21E97392}.Debug|Any CPU.ActiveCfg = Debug|Any CPU
		{0040F050-FB78-4271-8D64-1E6B21E97392}.Debug|Any CPU.Build.0 = Debug|Any CPU
		{0040F050-FB78-4271-8D64-1E6B21E97392}.Release|Any CPU.ActiveCfg = Release|Any CPU
		{0040F050-FB78-4271-8D64-1E6B21E97392}.Release|Any CPU.Build.0 = Release|Any CPU
	EndGlobalSection
	GlobalSection(SolutionProperties) = preSolution
		HideSolutionNode = FALSE
	EndGlobalSection
	GlobalSection(ExtensibilityGlobals) = postSolution
		SolutionGuid = {42A19A32-8889-4827-AFEB-7CBE94654077}
	EndGlobalSection
EndGlobal
